
Microsoft Visual Studio Solution File, Format Version 12.00
# Visual Studio Version 17
VisualStudioVersion = 17.0.31919.166
MinimumVisualStudioVersion = 10.0.40219.1
Project("{2150E333-8FDC-42A3-9474-1A3956D46DE8}") = "src", "src", "{E00D7BAE-A1BC-4712-A0F3-ED078373BAD6}"
EndProject
Project("{FAE04EC0-301F-11D3-BF4B-00C04F79EFBC}") = "PropertyHook", "src\PropertyHook\PropertyHook\PropertyHook.csproj", "{18EFF8D2-C4D5-4E18-9A31-38E106BA1CF7}"
EndProject
Project("{FAE04EC0-301F-11D3-BF4B-00C04F79EFBC}") = "DarkSoulsMemory", "src\DarkSoulsMemory\DarkSoulsMemory.csproj", "{03480F4F-F423-4144-90C6-CBDA68269374}"
EndProject
Project("{FAE04EC0-301F-11D3-BF4B-00C04F79EFBC}") = "DS2S META", "src\DS2S META\DS2S META.csproj", "{765D15F8-3523-4115-8114-049F9CFAFD5F}"
EndProject
Project("{2150E333-8FDC-42A3-9474-1A3956D46DE8}") = "misc", "misc", "{4E1470A9-3BFE-4503-B338-2357CC8E92F6}"
	ProjectSection(SolutionItems) = preProject
		.gitignore = .gitignore
		LICENSE = LICENSE
		README.md = README.md
	EndProjectSection
EndProject
Project("{FAE04EC0-301F-11D3-BF4B-00C04F79EFBC}") = "DarkSoulsMemory.Tests", "src\DarkSoulsMemory.Tests\DarkSoulsMemory.Tests.csproj", "{8E761529-D49C-4854-9434-42E2EE97471F}"
EndProject
Project("{FAE04EC0-301F-11D3-BF4B-00C04F79EFBC}") = "cli", "src\cli\cli.csproj", "{93CF6900-8F5C-4364-9EAF-8992B883361B}"
EndProject
Project("{FAE04EC0-301F-11D3-BF4B-00C04F79EFBC}") = "LiveSplit.DarkSouls2", "src\LiveSplit.DarkSouls2\LiveSplit.DarkSouls2.csproj", "{A30986D1-6B5A-415D-A737-AE0D9EF4CE9C}"
EndProject
Global
	GlobalSection(SolutionConfigurationPlatforms) = preSolution
		Debug|x64 = Debug|x64
		Release|x64 = Release|x64
	EndGlobalSection
	GlobalSection(ProjectConfigurationPlatforms) = postSolution
		{18EFF8D2-C4D5-4E18-9A31-38E106BA1CF7}.Debug|x64.ActiveCfg = Debug|x64
		{18EFF8D2-C4D5-4E18-9A31-38E106BA1CF7}.Debug|x64.Build.0 = Debug|x64
		{18EFF8D2-C4D5-4E18-9A31-38E106BA1CF7}.Release|x64.ActiveCfg = Release|x64
		{03480F4F-F423-4144-90C6-CBDA68269374}.Debug|x64.ActiveCfg = Debug|x64
		{03480F4F-F423-4144-90C6-CBDA68269374}.Debug|x64.Build.0 = Debug|x64
		{03480F4F-F423-4144-90C6-CBDA68269374}.Release|x64.ActiveCfg = Release|x64
		{03480F4F-F423-4144-90C6-CBDA68269374}.Release|x64.Build.0 = Release|x64
		{765D15F8-3523-4115-8114-049F9CFAFD5F}.Debug|x64.ActiveCfg = Debug|x64
		{765D15F8-3523-4115-8114-049F9CFAFD5F}.Debug|x64.Build.0 = Debug|x64
		{765D15F8-3523-4115-8114-049F9CFAFD5F}.Release|x64.ActiveCfg = Release|x64
		{8E761529-D49C-4854-9434-42E2EE97471F}.Debug|x64.ActiveCfg = Debug|x64
		{8E761529-D49C-4854-9434-42E2EE97471F}.Debug|x64.Build.0 = Debug|x64
		{8E761529-D49C-4854-9434-42E2EE97471F}.Release|x64.ActiveCfg = Release|x64
		{8E761529-D49C-4854-9434-42E2EE97471F}.Release|x64.Build.0 = Release|x64
		{93CF6900-8F5C-4364-9EAF-8992B883361B}.Debug|x64.ActiveCfg = Debug|x64
		{93CF6900-8F5C-4364-9EAF-8992B883361B}.Debug|x64.Build.0 = Debug|x64
		{93CF6900-8F5C-4364-9EAF-8992B883361B}.Release|x64.ActiveCfg = Release|x64
		{A30986D1-6B5A-415D-A737-AE0D9EF4CE9C}.Debug|x64.ActiveCfg = Debug|x64
		{A30986D1-6B5A-415D-A737-AE0D9EF4CE9C}.Debug|x64.Build.0 = Debug|x64
		{A30986D1-6B5A-415D-A737-AE0D9EF4CE9C}.Release|x64.ActiveCfg = Release|x64
	EndGlobalSection
	GlobalSection(SolutionProperties) = preSolution
		HideSolutionNode = FALSE
	EndGlobalSection
	GlobalSection(NestedProjects) = preSolution
		{18EFF8D2-C4D5-4E18-9A31-38E106BA1CF7} = {E00D7BAE-A1BC-4712-A0F3-ED078373BAD6}
		{03480F4F-F423-4144-90C6-CBDA68269374} = {E00D7BAE-A1BC-4712-A0F3-ED078373BAD6}
		{765D15F8-3523-4115-8114-049F9CFAFD5F} = {E00D7BAE-A1BC-4712-A0F3-ED078373BAD6}
		{8E761529-D49C-4854-9434-42E2EE97471F} = {E00D7BAE-A1BC-4712-A0F3-ED078373BAD6}
		{93CF6900-8F5C-4364-9EAF-8992B883361B} = {E00D7BAE-A1BC-4712-A0F3-ED078373BAD6}
		{A30986D1-6B5A-415D-A737-AE0D9EF4CE9C} = {E00D7BAE-A1BC-4712-A0F3-ED078373BAD6}
	EndGlobalSection
	GlobalSection(ExtensibilityGlobals) = postSolution
		SolutionGuid = {E54B10DF-AA08-41F1-9EC0-3DD4202813A6}
	EndGlobalSection
EndGlobal
